{
  "lockfile-version": 1,
  "manifest": {
    "version": 1,
    "install": {
      "fzf": {
        "pkg-path": "fzf"
      },
      "gh": {
        "pkg-path": "gh"
      },
      "git": {
        "pkg-path": "git"
      },
      "jujutsu": {
        "pkg-path": "jujutsu"
      },
      "lazyjj": {
        "pkg-path": "lazyjj"
      },
      "lua-language-server": {
        "pkg-path": "lua-language-server"
      },
      "neovim-nightly": {
        "flake": "github:nix-community/neovim-nightly-overlay"
      },
      "nushell": {
        "pkg-path": "nushell"
      },
      "ripgrep": {
        "pkg-path": "ripgrep"
      }
    },
    "hook": {},
    "profile": {},
    "options": {
      "systems": [
        "aarch64-darwin",
        "aarch64-linux",
        "x86_64-darwin",
        "x86_64-linux"
      ]
    }
  },
  "packages": [
    {
      "attr_path": "fzf",
      "broken": false,
      "derivation": "/nix/store/53m7ymrigb0ndx1xm87afs6kjr28g2wz-fzf-0.65.2.drv",
      "description": "Command-line fuzzy finder written in Go",
      "install_id": "fzf",
      "license": "MIT",
      "locked_url": "https://github.com/flox/nixpkgs?rev=554be6495561ff07b6c724047bdd7e0716aa7b46",
      "name": "fzf-0.65.2",
      "pname": "fzf",
      "rev": "554be6495561ff07b6c724047bdd7e0716aa7b46",
      "rev_count": 864611,
      "rev_date": "2025-09-21T03:59:47Z",
      "scrape_date": "2025-09-24T02:58:45.462519Z",
      "stabilities": [
        "unstable"
      ],
      "unfree": false,
      "version": "0.65.2",
      "outputs_to_install": [
        "man",
        "out"
      ],
      "outputs": {
        "man": "/nix/store/ik5hy5569cs4p06132rvaiawx03a4zl1-fzf-0.65.2-man",
        "out": "/nix/store/b13kq65h8bk32jqqyvjlafk9kc8ads4n-fzf-0.65.2"
      },
      "system": "aarch64-darwin",
      "group": "toplevel",
      "priority": 5
    },
    {
      "attr_path": "fzf",
      "broken": false,
      "derivation": "/nix/store/6q47wsq318hzqiwplk7k3vns94yjkn7a-fzf-0.65.2.drv",
      "description": "Command-line fuzzy finder written in Go",
      "install_id": "fzf",
      "license": "MIT",
      "locked_url": "https://github.com/flox/nixpkgs?rev=554be6495561ff07b6c724047bdd7e0716aa7b46",
      "name": "fzf-0.65.2",
      "pname": "fzf",
      "rev": "554be6495561ff07b6c724047bdd7e0716aa7b46",
      "rev_count": 864611,
      "rev_date": "2025-09-21T03:59:47Z",
      "scrape_date": "2025-09-24T03:27:48.855013Z",
      "stabilities": [
        "unstable"
      ],
      "unfree": false,
      "version": "0.65.2",
      "outputs_to_install": [
        "man",
        "out"
      ],
      "outputs": {
        "man": "/nix/store/k0bvb82dn8lhmpnr0yjgmgi3s6080yhh-fzf-0.65.2-man",
        "out": "/nix/store/218zzby0qzmvy25lwxm448phjfs1cjl7-fzf-0.65.2"
      },
      "system": "aarch64-linux",
      "group": "toplevel",
      "priority": 5
    },
    {
      "attr_path": "fzf",
      "broken": false,
      "derivation": "/nix/store/iw3mp2mc29z0vlw9i89s7h7b3hdbskc0-fzf-0.65.2.drv",
      "description": "Command-line fuzzy finder written in Go",
      "install_id": "fzf",
      "license": "MIT",
      "locked_url": "https://github.com/flox/nixpkgs?rev=554be6495561ff07b6c724047bdd7e0716aa7b46",
      "name": "fzf-0.65.2",
      "pname": "fzf",
      "rev": "554be6495561ff07b6c724047bdd7e0716aa7b46",
      "rev_count": 864611,
      "rev_date": "2025-09-21T03:59:47Z",
      "scrape_date": "2025-09-24T03:55:28.807831Z",
      "stabilities": [
        "unstable"
      ],
      "unfree": false,
      "version": "0.65.2",
      "outputs_to_install": [
        "man",
        "out"
      ],
      "outputs": {
        "man": "/nix/store/9jmgjm42g6p3w04r3nl4j87aiqf3gzcr-fzf-0.65.2-man",
        "out": "/nix/store/gpzrkb2knhnqk67b4yf46zxy1nnd0arl-fzf-0.65.2"
      },
      "system": "x86_64-darwin",
      "group": "toplevel",
      "priority": 5
    },
    {
      "attr_path": "fzf",
      "broken": false,
      "derivation": "/nix/store/zxmqmg8k2vanq2v97rlkgfaz0kfbmrvj-fzf-0.65.2.drv",
      "description": "Command-line fuzzy finder written in Go",
      "install_id": "fzf",
      "license": "MIT",
      "locked_url": "https://github.com/flox/nixpkgs?rev=554be6495561ff07b6c724047bdd7e0716aa7b46",
      "name": "fzf-0.65.2",
      "pname": "fzf",
      "rev": "554be6495561ff07b6c724047bdd7e0716aa7b46",
      "rev_count": 864611,
      "rev_date": "2025-09-21T03:59:47Z",
      "scrape_date": "2025-09-24T04:26:39.179081Z",
      "stabilities": [
        "unstable"
      ],
      "unfree": false,
      "version": "0.65.2",
      "outputs_to_install": [
        "man",
        "out"
      ],
      "outputs": {
        "man": "/nix/store/vwwll74j2y3rn5n3kw1yy4dv5qqlsg6l-fzf-0.65.2-man",
        "out": "/nix/store/gb0l7i1bfpjkp73b544igqw9h55xpkvb-fzf-0.65.2"
      },
      "system": "x86_64-linux",
      "group": "toplevel",
      "priority": 5
    },
    {
      "attr_path": "gh",
      "broken": false,
      "derivation": "/nix/store/68ingvq9b5h1yzrpi67m1na995m35g79-gh-2.79.0.drv",
      "description": "GitHub CLI tool",
      "install_id": "gh",
      "license": "MIT",
      "locked_url": "https://github.com/flox/nixpkgs?rev=554be6495561ff07b6c724047bdd7e0716aa7b46",
      "name": "gh-2.79.0",
      "pname": "gh",
      "rev": "554be6495561ff07b6c724047bdd7e0716aa7b46",
      "rev_count": 864611,
      "rev_date": "2025-09-21T03:59:47Z",
      "scrape_date": "2025-09-24T02:58:45.548512Z",
      "stabilities": [
        "unstable"
      ],
      "unfree": false,
      "version": "2.79.0",
      "outputs_to_install": [
        "out"
      ],
      "outputs": {
        "out": "/nix/store/ky5yynv151w1v0h2xby8knzy23b9csbb-gh-2.79.0"
      },
      "system": "aarch64-darwin",
      "group": "toplevel",
      "priority": 5
    },
    {
      "attr_path": "gh",
      "broken": false,
      "derivation": "/nix/store/lp3w745x7x7qynfjaz8va8d0cw5i6mm8-gh-2.79.0.drv",
      "description": "GitHub CLI tool",
      "install_id": "gh",
      "license": "MIT",
      "locked_url": "https://github.com/flox/nixpkgs?rev=554be6495561ff07b6c724047bdd7e0716aa7b46",
      "name": "gh-2.79.0",
      "pname": "gh",
      "rev": "554be6495561ff07b6c724047bdd7e0716aa7b46",
      "rev_count": 864611,
      "rev_date": "2025-09-21T03:59:47Z",
      "scrape_date": "2025-09-24T03:27:48.974544Z",
      "stabilities": [
        "unstable"
      ],
      "unfree": false,
      "version": "2.79.0",
      "outputs_to_install": [
        "out"
      ],
      "outputs": {
        "out": "/nix/store/zvljqh8dxlp71r4gzc3js3s35fa2l3zb-gh-2.79.0"
      },
      "system": "aarch64-linux",
      "group": "toplevel",
      "priority": 5
    },
    {
      "attr_path": "gh",
      "broken": false,
      "derivation": "/nix/store/690585ipgvj8755fk29mxniw2vd4ja13-gh-2.79.0.drv",
      "description": "GitHub CLI tool",
      "install_id": "gh",
      "license": "MIT",
      "locked_url": "https://github.com/flox/nixpkgs?rev=554be6495561ff07b6c724047bdd7e0716aa7b46",
      "name": "gh-2.79.0",
      "pname": "gh",
      "rev": "554be6495561ff07b6c724047bdd7e0716aa7b46",
      "rev_count": 864611,
      "rev_date": "2025-09-21T03:59:47Z",
      "scrape_date": "2025-09-24T03:55:28.884972Z",
      "stabilities": [
        "unstable"
      ],
      "unfree": false,
      "version": "2.79.0",
      "outputs_to_install": [
        "out"
      ],
      "outputs": {
        "out": "/nix/store/ikvh3fzss3p70y6izxcppankis418rlz-gh-2.79.0"
      },
      "system": "x86_64-darwin",
      "group": "toplevel",
      "priority": 5
    },
    {
      "attr_path": "gh",
      "broken": false,
      "derivation": "/nix/store/6s3sds15db854kv81jghxhrvx5ic4rd8-gh-2.79.0.drv",
      "description": "GitHub CLI tool",
      "install_id": "gh",
      "license": "MIT",
      "locked_url": "https://github.com/flox/nixpkgs?rev=554be6495561ff07b6c724047bdd7e0716aa7b46",
      "name": "gh-2.79.0",
      "pname": "gh",
      "rev": "554be6495561ff07b6c724047bdd7e0716aa7b46",
      "rev_count": 864611,
      "rev_date": "2025-09-21T03:59:47Z",
      "scrape_date": "2025-09-24T04:26:39.310503Z",
      "stabilities": [
        "unstable"
      ],
      "unfree": false,
      "version": "2.79.0",
      "outputs_to_install": [
        "out"
      ],
      "outputs": {
        "out": "/nix/store/hx0j1gvffm0m3gx5m50gjjggkwba0zxc-gh-2.79.0"
      },
      "system": "x86_64-linux",
      "group": "toplevel",
      "priority": 5
    },
    {
      "attr_path": "git",
      "broken": false,
      "derivation": "/nix/store/6d98i7ksgr6d4xjjh0y6fl6ianxxzzbf-git-2.51.0.drv",
      "description": "Distributed version control system",
      "install_id": "git",
      "license": "GPL-2.0",
      "locked_url": "https://github.com/flox/nixpkgs?rev=554be6495561ff07b6c724047bdd7e0716aa7b46",
      "name": "git-2.51.0",
      "pname": "git",
      "rev": "554be6495561ff07b6c724047bdd7e0716aa7b46",
      "rev_count": 864611,
      "rev_date": "2025-09-21T03:59:47Z",
      "scrape_date": "2025-09-24T02:58:45.577337Z",
      "stabilities": [
        "unstable"
      ],
      "unfree": false,
      "version": "2.51.0",
      "outputs_to_install": [
        "out"
      ],
      "outputs": {
        "doc": "/nix/store/4gwi3dw7ay6ddmzyzx36a15ds51493hz-git-2.51.0-doc",
        "out": "/nix/store/4q2dd3sf6xq9bky0aq2wyp2pf958j0rz-git-2.51.0"
      },
      "system": "aarch64-darwin",
      "group": "toplevel",
      "priority": 5
    },
    {
      "attr_path": "git",
      "broken": false,
      "derivation": "/nix/store/jcd1hmakc99sfm5hzxgscpgkdhiq7bk4-git-2.51.0.drv",
      "description": "Distributed version control system",
      "install_id": "git",
      "license": "GPL-2.0",
      "locked_url": "https://github.com/flox/nixpkgs?rev=554be6495561ff07b6c724047bdd7e0716aa7b46",
      "name": "git-2.51.0",
      "pname": "git",
      "rev": "554be6495561ff07b6c724047bdd7e0716aa7b46",
      "rev_count": 864611,
      "rev_date": "2025-09-21T03:59:47Z",
      "scrape_date": "2025-09-24T03:27:49.017435Z",
      "stabilities": [
        "unstable"
      ],
      "unfree": false,
      "version": "2.51.0",
      "outputs_to_install": [
        "out"
      ],
      "outputs": {
        "debug": "/nix/store/xh22pd5vdl2i1lj975gsv0dc4ywwi42j-git-2.51.0-debug",
        "doc": "/nix/store/lxbmn3fzikq9l7aw4xi6lkxqmc2866qd-git-2.51.0-doc",
        "out": "/nix/store/7x5qzsv0msjcvyhn98zayq520gdwb76m-git-2.51.0"
      },
      "system": "aarch64-linux",
      "group": "toplevel",
      "priority": 5
    },
    {
      "attr_path": "git",
      "broken": false,
      "derivation": "/nix/store/wqvqcz0zhylgjfzgbw22dkn9ms5slzda-git-2.51.0.drv",
      "description": "Distributed version control system",
      "install_id": "git",
      "license": "GPL-2.0",
      "locked_url": "https://github.com/flox/nixpkgs?rev=554be6495561ff07b6c724047bdd7e0716aa7b46",
      "name": "git-2.51.0",
      "pname": "git",
      "rev": "554be6495561ff07b6c724047bdd7e0716aa7b46",
      "rev_count": 864611,
      "rev_date": "2025-09-21T03:59:47Z",
      "scrape_date": "2025-09-24T03:55:28.915030Z",
      "stabilities": [
        "unstable"
      ],
      "unfree": false,
      "version": "2.51.0",
      "outputs_to_install": [
        "out"
      ],
      "outputs": {
        "doc": "/nix/store/6mrf4pn3qr89l7lw1xv2n5nlj0wpqs94-git-2.51.0-doc",
        "out": "/nix/store/a16jim5gw87lhmzms8n9jvz6rqii52n1-git-2.51.0"
      },
      "system": "x86_64-darwin",
      "group": "toplevel",
      "priority": 5
    },
    {
      "attr_path": "git",
      "broken": false,
      "derivation": "/nix/store/yyw6nzfcdckb36blm5mf5b5mss1m9asq-git-2.51.0.drv",
      "description": "Distributed version control system",
      "install_id": "git",
      "license": "GPL-2.0",
      "locked_url": "https://github.com/flox/nixpkgs?rev=554be6495561ff07b6c724047bdd7e0716aa7b46",
      "name": "git-2.51.0",
      "pname": "git",
      "rev": "554be6495561ff07b6c724047bdd7e0716aa7b46",
      "rev_count": 864611,
      "rev_date": "2025-09-21T03:59:47Z",
      "scrape_date": "2025-09-24T04:26:39.357308Z",
      "stabilities": [
        "unstable"
      ],
      "unfree": false,
      "version": "2.51.0",
      "outputs_to_install": [
        "out"
      ],
      "outputs": {
        "debug": "/nix/store/zdh0b77j1n8irhshwgrhyjfrrjxk9fbw-git-2.51.0-debug",
        "doc": "/nix/store/vjjhqc2vixs1pfy4bh5qpqrvqg042vd4-git-2.51.0-doc",
        "out": "/nix/store/q1zaii9cirbfpmwr7d86hpppql3kjcpf-git-2.51.0"
      },
      "system": "x86_64-linux",
      "group": "toplevel",
      "priority": 5
    },
    {
      "attr_path": "jujutsu",
      "broken": false,
      "derivation": "/nix/store/y6vxzdq9kvxzcipnfspzzxcfcbml27rv-jujutsu-0.33.0.drv",
      "description": "Git-compatible DVCS that is both simple and powerful",
      "install_id": "jujutsu",
      "license": "Apache-2.0",
      "locked_url": "https://github.com/flox/nixpkgs?rev=554be6495561ff07b6c724047bdd7e0716aa7b46",
      "name": "jujutsu-0.33.0",
      "pname": "jujutsu",
      "rev": "554be6495561ff07b6c724047bdd7e0716aa7b46",
      "rev_count": 864611,
      "rev_date": "2025-09-21T03:59:47Z",
      "scrape_date": "2025-09-24T02:59:00.060985Z",
      "stabilities": [
        "unstable"
      ],
      "unfree": false,
      "version": "0.33.0",
      "outputs_to_install": [
        "out"
      ],
      "outputs": {
        "out": "/nix/store/7187dx3qxvk9662h6vrd40icsl5vrmsm-jujutsu-0.33.0"
      },
      "system": "aarch64-darwin",
      "group": "toplevel",
      "priority": 5
    },
    {
      "attr_path": "jujutsu",
      "broken": false,
      "derivation": "/nix/store/l9pykwy49y0fmvsgjx1ijmq8fg4chgs8-jujutsu-0.33.0.drv",
      "description": "Git-compatible DVCS that is both simple and powerful",
      "install_id": "jujutsu",
      "license": "Apache-2.0",
      "locked_url": "https://github.com/flox/nixpkgs?rev=554be6495561ff07b6c724047bdd7e0716aa7b46",
      "name": "jujutsu-0.33.0",
      "pname": "jujutsu",
      "rev": "554be6495561ff07b6c724047bdd7e0716aa7b46",
      "rev_count": 864611,
      "rev_date": "2025-09-21T03:59:47Z",
      "scrape_date": "2025-09-24T03:28:08.538235Z",
      "stabilities": [
        "unstable"
      ],
      "unfree": false,
      "version": "0.33.0",
      "outputs_to_install": [
        "out"
      ],
      "outputs": {
        "out": "/nix/store/xhjlljxw8x20kzc41sy6nq6yv6bfhj0x-jujutsu-0.33.0"
      },
      "system": "aarch64-linux",
      "group": "toplevel",
      "priority": 5
    },
    {
      "attr_path": "jujutsu",
      "broken": false,
      "derivation": "/nix/store/qm3m03wiyrynrs6z5nrm0a7x1smaf3nm-jujutsu-0.33.0.drv",
      "description": "Git-compatible DVCS that is both simple and powerful",
      "install_id": "jujutsu",
      "license": "Apache-2.0",
      "locked_url": "https://github.com/flox/nixpkgs?rev=554be6495561ff07b6c724047bdd7e0716aa7b46",
      "name": "jujutsu-0.33.0",
      "pname": "jujutsu",
      "rev": "554be6495561ff07b6c724047bdd7e0716aa7b46",
      "rev_count": 864611,
      "rev_date": "2025-09-21T03:59:47Z",
      "scrape_date": "2025-09-24T03:55:43.370012Z",
      "stabilities": [
        "unstable"
      ],
      "unfree": false,
      "version": "0.33.0",
      "outputs_to_install": [
        "out"
      ],
      "outputs": {
        "out": "/nix/store/9b27h95wyi18i1dxwv3bcq4135jmjs1y-jujutsu-0.33.0"
      },
      "system": "x86_64-darwin",
      "group": "toplevel",
      "priority": 5
    },
    {
      "attr_path": "jujutsu",
      "broken": false,
      "derivation": "/nix/store/mnsxcxwzyzgx7fxzfmk8aiy047vg4imc-jujutsu-0.33.0.drv",
      "description": "Git-compatible DVCS that is both simple and powerful",
      "install_id": "jujutsu",
      "license": "Apache-2.0",
      "locked_url": "https://github.com/flox/nixpkgs?rev=554be6495561ff07b6c724047bdd7e0716aa7b46",
      "name": "jujutsu-0.33.0",
      "pname": "jujutsu",
      "rev": "554be6495561ff07b6c724047bdd7e0716aa7b46",
      "rev_count": 864611,
      "rev_date": "2025-09-21T03:59:47Z",
      "scrape_date": "2025-09-24T04:26:59.864460Z",
      "stabilities": [
        "unstable"
      ],
      "unfree": false,
      "version": "0.33.0",
      "outputs_to_install": [
        "out"
      ],
      "outputs": {
        "out": "/nix/store/kj85gzm7qgbs3l6zjq614mavrcri54c3-jujutsu-0.33.0"
      },
      "system": "x86_64-linux",
      "group": "toplevel",
      "priority": 5
    },
    {
      "attr_path": "lazyjj",
      "broken": false,
      "derivation": "/nix/store/y1kx0xiv41pdi0p4ygm4qf1wcr8cj7nl-lazyjj-0.6.1.drv",
      "description": "TUI for Jujutsu/jj",
      "install_id": "lazyjj",
      "license": "Apache-2.0",
      "locked_url": "https://github.com/flox/nixpkgs?rev=554be6495561ff07b6c724047bdd7e0716aa7b46",
      "name": "lazyjj-0.6.1",
      "pname": "lazyjj",
      "rev": "554be6495561ff07b6c724047bdd7e0716aa7b46",
      "rev_count": 864611,
      "rev_date": "2025-09-21T03:59:47Z",
      "scrape_date": "2025-09-24T02:59:00.811781Z",
      "stabilities": [
        "unstable"
      ],
      "unfree": false,
      "version": "0.6.1",
      "outputs_to_install": [
        "out"
      ],
      "outputs": {
        "out": "/nix/store/mhjqkship2j3w4vywpss94qiw28bfz55-lazyjj-0.6.1"
      },
      "system": "aarch64-darwin",
      "group": "toplevel",
      "priority": 5
    },
    {
      "attr_path": "lazyjj",
      "broken": false,
      "derivation": "/nix/store/lpsny42x7dszzdfb1ql55dn1a7slmv76-lazyjj-0.6.1.drv",
      "description": "TUI for Jujutsu/jj",
      "install_id": "lazyjj",
      "license": "Apache-2.0",
      "locked_url": "https://github.com/flox/nixpkgs?rev=554be6495561ff07b6c724047bdd7e0716aa7b46",
      "name": "lazyjj-0.6.1",
      "pname": "lazyjj",
      "rev": "554be6495561ff07b6c724047bdd7e0716aa7b46",
      "rev_count": 864611,
      "rev_date": "2025-09-21T03:59:47Z",
      "scrape_date": "2025-09-24T03:28:10.389172Z",
      "stabilities": [
        "unstable"
      ],
      "unfree": false,
      "version": "0.6.1",
      "outputs_to_install": [
        "out"
      ],
      "outputs": {
        "out": "/nix/store/6qkdc408k92db10hdgn8n2wgyf697grz-lazyjj-0.6.1"
      },
      "system": "aarch64-linux",
      "group": "toplevel",
      "priority": 5
    },
    {
      "attr_path": "lazyjj",
      "broken": false,
      "derivation": "/nix/store/c13q026ia5piz2dc00hfcvi5q4baqaya-lazyjj-0.6.1.drv",
      "description": "TUI for Jujutsu/jj",
      "install_id": "lazyjj",
      "license": "Apache-2.0",
      "locked_url": "https://github.com/flox/nixpkgs?rev=554be6495561ff07b6c724047bdd7e0716aa7b46",
      "name": "lazyjj-0.6.1",
      "pname": "lazyjj",
      "rev": "554be6495561ff07b6c724047bdd7e0716aa7b46",
      "rev_count": 864611,
      "rev_date": "2025-09-21T03:59:47Z",
      "scrape_date": "2025-09-24T03:55:44.158869Z",
      "stabilities": [
        "unstable"
      ],
      "unfree": false,
      "version": "0.6.1",
      "outputs_to_install": [
        "out"
      ],
      "outputs": {
        "out": "/nix/store/gs29iwamwml6hjhw01brsbxlkk4kpwcq-lazyjj-0.6.1"
      },
      "system": "x86_64-darwin",
      "group": "toplevel",
      "priority": 5
    },
    {
      "attr_path": "lazyjj",
      "broken": false,
      "derivation": "/nix/store/41qv3wnqzihdav491a90bybh9y0wifn6-lazyjj-0.6.1.drv",
      "description": "TUI for Jujutsu/jj",
      "install_id": "lazyjj",
      "license": "Apache-2.0",
      "locked_url": "https://github.com/flox/nixpkgs?rev=554be6495561ff07b6c724047bdd7e0716aa7b46",
      "name": "lazyjj-0.6.1",
      "pname": "lazyjj",
      "rev": "554be6495561ff07b6c724047bdd7e0716aa7b46",
      "rev_count": 864611,
      "rev_date": "2025-09-21T03:59:47Z",
      "scrape_date": "2025-09-24T04:27:01.971168Z",
      "stabilities": [
        "unstable"
      ],
      "unfree": false,
      "version": "0.6.1",
      "outputs_to_install": [
        "out"
      ],
      "outputs": {
        "out": "/nix/store/96z210bq5gssky3zdpm7sks7j4qbqkn2-lazyjj-0.6.1"
      },
      "system": "x86_64-linux",
      "group": "toplevel",
      "priority": 5
    },
    {
      "attr_path": "lua-language-server",
      "broken": false,
      "derivation": "/nix/store/j2ppfxycrb1hzm2s32kqw80gafjvhvqg-lua-language-server-3.15.0.drv",
      "description": "Language server that offers Lua language support",
      "install_id": "lua-language-server",
      "license": "MIT",
      "locked_url": "https://github.com/flox/nixpkgs?rev=554be6495561ff07b6c724047bdd7e0716aa7b46",
      "name": "lua-language-server-3.15.0",
      "pname": "lua-language-server",
      "rev": "554be6495561ff07b6c724047bdd7e0716aa7b46",
      "rev_count": 864611,
      "rev_date": "2025-09-21T03:59:47Z",
      "scrape_date": "2025-09-24T02:59:02.725985Z",
      "stabilities": [
        "unstable"
      ],
      "unfree": false,
      "version": "3.15.0",
      "outputs_to_install": [
        "out"
      ],
      "outputs": {
        "out": "/nix/store/s73n4cqnr4c8wmpz8fy23ywmcv17cj96-lua-language-server-3.15.0"
      },
      "system": "aarch64-darwin",
      "group": "toplevel",
      "priority": 5
    },
    {
      "attr_path": "lua-language-server",
      "broken": false,
      "derivation": "/nix/store/j8qrk72dlwxfsg92lvf0jsp7mwl2b3dq-lua-language-server-3.15.0.drv",
      "description": "Language server that offers Lua language support",
      "install_id": "lua-language-server",
      "license": "MIT",
      "locked_url": "https://github.com/flox/nixpkgs?rev=554be6495561ff07b6c724047bdd7e0716aa7b46",
      "name": "lua-language-server-3.15.0",
      "pname": "lua-language-server",
      "rev": "554be6495561ff07b6c724047bdd7e0716aa7b46",
      "rev_count": 864611,
      "rev_date": "2025-09-21T03:59:47Z",
      "scrape_date": "2025-09-24T03:28:17.996579Z",
      "stabilities": [
        "unstable"
      ],
      "unfree": false,
      "version": "3.15.0",
      "outputs_to_install": [
        "out"
      ],
      "outputs": {
        "out": "/nix/store/ql95l1ndpcwkqs7cz829v8llpisw4ghm-lua-language-server-3.15.0"
      },
      "system": "aarch64-linux",
      "group": "toplevel",
      "priority": 5
    },
    {
      "attr_path": "lua-language-server",
      "broken": false,
      "derivation": "/nix/store/m61v4m4vwaki4s7jcjgvh7lxymqpalmy-lua-language-server-3.15.0.drv",
      "description": "Language server that offers Lua language support",
      "install_id": "lua-language-server",
      "license": "MIT",
      "locked_url": "https://github.com/flox/nixpkgs?rev=554be6495561ff07b6c724047bdd7e0716aa7b46",
      "name": "lua-language-server-3.15.0",
      "pname": "lua-language-server",
      "rev": "554be6495561ff07b6c724047bdd7e0716aa7b46",
      "rev_count": 864611,
      "rev_date": "2025-09-21T03:59:47Z",
      "scrape_date": "2025-09-24T03:55:46.129587Z",
      "stabilities": [
        "unstable"
      ],
      "unfree": false,
      "version": "3.15.0",
      "outputs_to_install": [
        "out"
      ],
      "outputs": {
        "out": "/nix/store/cq6s05ra463fzvbkx7zwjw2gldfmkwak-lua-language-server-3.15.0"
      },
      "system": "x86_64-darwin",
      "group": "toplevel",
      "priority": 5
    },
    {
      "attr_path": "lua-language-server",
      "broken": false,
      "derivation": "/nix/store/fb4vfxbxwzvp1vlq0r82bbry3l7aa233-lua-language-server-3.15.0.drv",
      "description": "Language server that offers Lua language support",
      "install_id": "lua-language-server",
      "license": "MIT",
      "locked_url": "https://github.com/flox/nixpkgs?rev=554be6495561ff07b6c724047bdd7e0716aa7b46",
      "name": "lua-language-server-3.15.0",
      "pname": "lua-language-server",
      "rev": "554be6495561ff07b6c724047bdd7e0716aa7b46",
      "rev_count": 864611,
      "rev_date": "2025-09-21T03:59:47Z",
      "scrape_date": "2025-09-24T04:27:12.266973Z",
      "stabilities": [
        "unstable"
      ],
      "unfree": false,
      "version": "3.15.0",
      "outputs_to_install": [
        "out"
      ],
      "outputs": {
        "out": "/nix/store/yv5gfrvadvfj68idcqkzixqnyl40phiy-lua-language-server-3.15.0"
      },
      "system": "x86_64-linux",
      "group": "toplevel",
      "priority": 5
    },
    {
      "attr_path": "nushell",
      "broken": false,
      "derivation": "/nix/store/kpgyn9lngi4npnhccc059z0l1xqm02i6-nushell-0.106.1.drv",
      "description": "Modern shell written in Rust",
      "install_id": "nushell",
      "license": "MIT",
      "locked_url": "https://github.com/flox/nixpkgs?rev=554be6495561ff07b6c724047bdd7e0716aa7b46",
      "name": "nushell-0.106.1",
      "pname": "nushell",
      "rev": "554be6495561ff07b6c724047bdd7e0716aa7b46",
      "rev_count": 864611,
      "rev_date": "2025-09-21T03:59:47Z",
      "scrape_date": "2025-09-24T02:59:07.376959Z",
      "stabilities": [
        "unstable"
      ],
      "unfree": false,
      "version": "0.106.1",
      "outputs_to_install": [
        "out"
      ],
      "outputs": {
        "out": "/nix/store/b2s37l8wvp66jgk2v35bzqd64sngm2wg-nushell-0.106.1"
      },
      "system": "aarch64-darwin",
      "group": "toplevel",
      "priority": 5
    },
    {
      "attr_path": "nushell",
      "broken": false,
      "derivation": "/nix/store/vmr0h4vw2warhf36z004nismfck45953-nushell-0.106.1.drv",
      "description": "Modern shell written in Rust",
      "install_id": "nushell",
      "license": "MIT",
      "locked_url": "https://github.com/flox/nixpkgs?rev=554be6495561ff07b6c724047bdd7e0716aa7b46",
      "name": "nushell-0.106.1",
      "pname": "nushell",
      "rev": "554be6495561ff07b6c724047bdd7e0716aa7b46",
      "rev_count": 864611,
      "rev_date": "2025-09-21T03:59:47Z",
      "scrape_date": "2025-09-24T03:28:25.219080Z",
      "stabilities": [
        "unstable"
      ],
      "unfree": false,
      "version": "0.106.1",
      "outputs_to_install": [
        "out"
      ],
      "outputs": {
        "out": "/nix/store/lbmj19psdibypl9ydarygy2xjh4jgfa3-nushell-0.106.1"
      },
      "system": "aarch64-linux",
      "group": "toplevel",
      "priority": 5
    },
    {
      "attr_path": "nushell",
      "broken": false,
      "derivation": "/nix/store/4fvrhg3qyab9apjkr9sjzmc3np03cr7j-nushell-0.106.1.drv",
      "description": "Modern shell written in Rust",
      "install_id": "nushell",
      "license": "MIT",
      "locked_url": "https://github.com/flox/nixpkgs?rev=554be6495561ff07b6c724047bdd7e0716aa7b46",
      "name": "nushell-0.106.1",
      "pname": "nushell",
      "rev": "554be6495561ff07b6c724047bdd7e0716aa7b46",
      "rev_count": 864611,
      "rev_date": "2025-09-21T03:59:47Z",
      "scrape_date": "2025-09-24T03:55:50.985796Z",
      "stabilities": [
        "unstable"
      ],
      "unfree": false,
      "version": "0.106.1",
      "outputs_to_install": [
        "out"
      ],
      "outputs": {
        "out": "/nix/store/3ssawg0rxz7bxcsvh2x3yjp4i7db906d-nushell-0.106.1"
      },
      "system": "x86_64-darwin",
      "group": "toplevel",
      "priority": 5
    },
    {
      "attr_path": "nushell",
      "broken": false,
      "derivation": "/nix/store/k1whm9sf3pvkrq8jrisybzvdx59ja28b-nushell-0.106.1.drv",
      "description": "Modern shell written in Rust",
      "install_id": "nushell",
      "license": "MIT",
      "locked_url": "https://github.com/flox/nixpkgs?rev=554be6495561ff07b6c724047bdd7e0716aa7b46",
      "name": "nushell-0.106.1",
      "pname": "nushell",
      "rev": "554be6495561ff07b6c724047bdd7e0716aa7b46",
      "rev_count": 864611,
      "rev_date": "2025-09-21T03:59:47Z",
      "scrape_date": "2025-09-24T04:27:20.471620Z",
      "stabilities": [
        "unstable"
      ],
      "unfree": false,
      "version": "0.106.1",
      "outputs_to_install": [
        "out"
      ],
      "outputs": {
        "out": "/nix/store/7pn92hjbp0c3jn4p0jvbjisddvx9y6fp-nushell-0.106.1"
      },
      "system": "x86_64-linux",
      "group": "toplevel",
      "priority": 5
    },
    {
      "attr_path": "ripgrep",
      "broken": false,
      "derivation": "/nix/store/zq0n4xqildl512xqpv43bzccbr997x01-ripgrep-14.1.1.drv",
      "description": "Utility that combines the usability of The Silver Searcher with the raw speed of grep",
      "install_id": "ripgrep",
      "license": "[ Unlicense, MIT ]",
      "locked_url": "https://github.com/flox/nixpkgs?rev=554be6495561ff07b6c724047bdd7e0716aa7b46",
      "name": "ripgrep-14.1.1",
      "pname": "ripgrep",
      "rev": "554be6495561ff07b6c724047bdd7e0716aa7b46",
      "rev_count": 864611,
      "rev_date": "2025-09-21T03:59:47Z",
      "scrape_date": "2025-09-24T03:00:06.470406Z",
      "stabilities": [
        "unstable"
      ],
      "unfree": false,
      "version": "14.1.1",
      "outputs_to_install": [
        "out"
      ],
      "outputs": {
        "out": "/nix/store/3slzsxhg7zv8zyqvd841q4d7lnax27wy-ripgrep-14.1.1"
      },
      "system": "aarch64-darwin",
      "group": "toplevel",
      "priority": 5
    },
    {
      "attr_path": "ripgrep",
      "broken": false,
      "derivation": "/nix/store/kfsm7s9a5ra3w10kp8ifbpw3ffc8n6li-ripgrep-14.1.1.drv",
      "description": "Utility that combines the usability of The Silver Searcher with the raw speed of grep",
      "install_id": "ripgrep",
      "license": "[ Unlicense, MIT ]",
      "locked_url": "https://github.com/flox/nixpkgs?rev=554be6495561ff07b6c724047bdd7e0716aa7b46",
      "name": "ripgrep-14.1.1",
      "pname": "ripgrep",
      "rev": "554be6495561ff07b6c724047bdd7e0716aa7b46",
      "rev_count": 864611,
      "rev_date": "2025-09-21T03:59:47Z",
      "scrape_date": "2025-09-24T03:29:42.364527Z",
      "stabilities": [
        "unstable"
      ],
      "unfree": false,
      "version": "14.1.1",
      "outputs_to_install": [
        "out"
      ],
      "outputs": {
        "out": "/nix/store/ysiy4dfvfi84s85myinrp1vm2cs3cmrw-ripgrep-14.1.1"
      },
      "system": "aarch64-linux",
      "group": "toplevel",
      "priority": 5
    },
    {
      "attr_path": "ripgrep",
      "broken": false,
      "derivation": "/nix/store/d6dd12axzm02ggyghj4f4j1y2nxi29vp-ripgrep-14.1.1.drv",
      "description": "Utility that combines the usability of The Silver Searcher with the raw speed of grep",
      "install_id": "ripgrep",
      "license": "[ Unlicense, MIT ]",
      "locked_url": "https://github.com/flox/nixpkgs?rev=554be6495561ff07b6c724047bdd7e0716aa7b46",
      "name": "ripgrep-14.1.1",
      "pname": "ripgrep",
      "rev": "554be6495561ff07b6c724047bdd7e0716aa7b46",
      "rev_count": 864611,
      "rev_date": "2025-09-21T03:59:47Z",
      "scrape_date": "2025-09-24T03:56:54.439991Z",
      "stabilities": [
        "unstable"
      ],
      "unfree": false,
      "version": "14.1.1",
      "outputs_to_install": [
        "out"
      ],
      "outputs": {
        "out": "/nix/store/f8kiqis4pf3i400waah45y5m799s0d0w-ripgrep-14.1.1"
      },
      "system": "x86_64-darwin",
      "group": "toplevel",
      "priority": 5
    },
    {
      "attr_path": "ripgrep",
      "broken": false,
      "derivation": "/nix/store/rgzd1rb971fl45ab94jdg0vx04m2sm7b-ripgrep-14.1.1.drv",
      "description": "Utility that combines the usability of The Silver Searcher with the raw speed of grep",
      "install_id": "ripgrep",
      "license": "[ Unlicense, MIT ]",
      "locked_url": "https://github.com/flox/nixpkgs?rev=554be6495561ff07b6c724047bdd7e0716aa7b46",
      "name": "ripgrep-14.1.1",
      "pname": "ripgrep",
      "rev": "554be6495561ff07b6c724047bdd7e0716aa7b46",
      "rev_count": 864611,
      "rev_date": "2025-09-21T03:59:47Z",
      "scrape_date": "2025-09-24T04:28:47.159880Z",
      "stabilities": [
        "unstable"
      ],
      "unfree": false,
      "version": "14.1.1",
      "outputs_to_install": [
        "out"
      ],
      "outputs": {
        "out": "/nix/store/5pv8jrp70w0flz9g3yqkk7fzcnr28mpx-ripgrep-14.1.1"
      },
      "system": "x86_64-linux",
      "group": "toplevel",
      "priority": 5
    },
    {
      "install_id": "neovim-nightly",
      "locked-url": "github:nix-community/neovim-nightly-overlay/00e7d4ab17e88a4c342555c18ad09faefb6f4901?narHash=sha256-2aW1xnaKgeV09jGHijD090F%2B6dHwE/LLxaVjcfYVsGQ%3D",
      "flake-description": "Neovim flake",
      "locked-flake-attr-path": "packages.aarch64-darwin.default",
      "derivation": "/nix/store/g8w75z7l017kjcwxm5kn7s89819c838f-neovim-unwrapped-nightly.drv",
      "outputs": {
        "out": "/nix/store/yi9qh9nl9bar2zj09bv07483b2aggzri-neovim-unwrapped-nightly"
      },
      "output-names": [
        "out"
      ],
      "outputs-to-install": [
        "out"
      ],
      "requested-outputs-to-install": [],
      "package-system": "aarch64-darwin",
      "system": "aarch64-darwin",
      "name": "neovim-unwrapped-nightly",
      "pname": "neovim-unwrapped",
      "version": "nightly",
      "description": "Vim text editor fork focused on extensibility and agility",
      "licenses": [
        "Apache-2.0",
        "Vim"
      ],
      "broken": false,
      "unfree": false,
      "priority": 5
    },
    {
      "install_id": "neovim-nightly",
      "locked-url": "github:nix-community/neovim-nightly-overlay/00e7d4ab17e88a4c342555c18ad09faefb6f4901?narHash=sha256-2aW1xnaKgeV09jGHijD090F%2B6dHwE/LLxaVjcfYVsGQ%3D",
      "flake-description": "Neovim flake",
      "locked-flake-attr-path": "packages.aarch64-linux.default",
      "derivation": "/nix/store/sxazwr6pw1vfvg8zc0r8sbr5irp6pjnk-neovim-unwrapped-nightly.drv",
      "outputs": {
        "debug": "/nix/store/z309df9gl5vijdm3wy92vzgyxn94rqnc-neovim-unwrapped-nightly-debug",
        "out": "/nix/store/m9a9dglrhgga9zva68ihz7khmcv05f33-neovim-unwrapped-nightly"
      },
      "output-names": [
        "out",
        "debug"
      ],
      "outputs-to-install": [
        "out"
      ],
      "requested-outputs-to-install": [],
      "package-system": "aarch64-linux",
      "system": "aarch64-linux",
      "name": "neovim-unwrapped-nightly",
      "pname": "neovim-unwrapped",
      "version": "nightly",
      "description": "Vim text editor fork focused on extensibility and agility",
      "licenses": [
        "Apache-2.0",
        "Vim"
      ],
      "broken": false,
      "unfree": false,
      "priority": 5
    },
    {
      "install_id": "neovim-nightly",
      "locked-url": "github:nix-community/neovim-nightly-overlay/00e7d4ab17e88a4c342555c18ad09faefb6f4901?narHash=sha256-2aW1xnaKgeV09jGHijD090F%2B6dHwE/LLxaVjcfYVsGQ%3D",
      "flake-description": "Neovim flake",
      "locked-flake-attr-path": "packages.x86_64-darwin.default",
      "derivation": "/nix/store/jqycky6wrsg0p04q7dzsjphh2gzm4k8z-neovim-unwrapped-nightly.drv",
      "outputs": {
        "out": "/nix/store/iwsg171xi07dvsspvjc16aphrnm9k5pc-neovim-unwrapped-nightly"
      },
      "output-names": [
        "out"
      ],
      "outputs-to-install": [
        "out"
      ],
      "requested-outputs-to-install": [],
      "package-system": "x86_64-darwin",
      "system": "x86_64-darwin",
      "name": "neovim-unwrapped-nightly",
      "pname": "neovim-unwrapped",
      "version": "nightly",
      "description": "Vim text editor fork focused on extensibility and agility",
      "licenses": [
        "Apache-2.0",
        "Vim"
      ],
      "broken": false,
      "unfree": false,
      "priority": 5
    },
    {
      "install_id": "neovim-nightly",
      "locked-url": "github:nix-community/neovim-nightly-overlay/00e7d4ab17e88a4c342555c18ad09faefb6f4901?narHash=sha256-2aW1xnaKgeV09jGHijD090F%2B6dHwE/LLxaVjcfYVsGQ%3D",
      "flake-description": "Neovim flake",
      "locked-flake-attr-path": "packages.x86_64-linux.default",
      "derivation": "/nix/store/k4vlwvj37yqy1h39dnpkg73hfhlh2ywm-neovim-unwrapped-nightly.drv",
      "outputs": {
        "debug": "/nix/store/ll9kscb3k9z7a4vp3p48mbwf3fxjjyl0-neovim-unwrapped-nightly-debug",
        "out": "/nix/store/vyvqzfqxid0zh4wq2kk7fc4zbrdjd0yq-neovim-unwrapped-nightly"
      },
      "output-names": [
        "out",
        "debug"
      ],
      "outputs-to-install": [
        "out"
      ],
      "requested-outputs-to-install": [],
      "package-system": "x86_64-linux",
      "system": "x86_64-linux",
      "name": "neovim-unwrapped-nightly",
      "pname": "neovim-unwrapped",
      "version": "nightly",
      "description": "Vim text editor fork focused on extensibility and agility",
      "licenses": [
        "Apache-2.0",
        "Vim"
      ],
      "broken": false,
      "unfree": false,
      "priority": 5
    }
  ]
}